# generated by rye
# use `rye lock` or `rye sync` to update this lockfile
#
# last locked with the following flags:
#   pre: false
#   features: []
#   all-features: false
#   with-sources: false
#   generate-hashes: false

-e file:.
antlr4-python3-runtime==4.8
    # via hydra-core
anykeystore==0.2
    # via velruse
apex==0.9.10.dev0
    # via gslm-overlap
audioread==3.0.1
    # via librosa
bitarray==2.9.2
    # via fairseq
certifi==2024.6.2
    # via requests
cffi==1.16.0
    # via fairseq
    # via soundfile
charset-normalizer==3.3.2
    # via requests
colorama==0.4.6
    # via sacrebleu
cryptacular==1.6.2
    # via apex
cython==3.0.10
    # via fairseq
decorator==5.1.1
    # via librosa
defusedxml==0.7.1
    # via python3-openid
fairseq @ git+ssh://github.com/pytorch/fairseq@d9a627082fd03ec72a27a31a4e56289bfcb2e4e4
    # via gslm-overlap
filelock==3.14.0
    # via torch
fsspec==2024.6.0
    # via torch
fusepy==3.0.1
    # via ratarmount
hupper==1.12.1
    # via pyramid
hydra-core==1.0.7
    # via fairseq
idna==3.7
    # via requests
indexed-gzip==1.8.7
    # via ratarmount
indexed-zstd==1.6.1
    # via ratarmount
jinja2==3.1.4
    # via torch
joblib==1.4.2
    # via gslm-overlap
    # via librosa
    # via scikit-learn
lazy-loader==0.4
    # via librosa
libarchive-c==5.1
    # via ratarmount
librosa==0.10.2.post1
    # via gslm-overlap
llvmlite==0.42.0
    # via numba
lxml==5.2.2
    # via sacrebleu
markupsafe==2.1.5
    # via jinja2
    # via wtforms
mpmath==1.3.0
    # via sympy
msgpack==1.0.8
    # via librosa
networkx==3.3
    # via torch
numba==0.59.1
    # via librosa
numpy==1.26.3
    # via fairseq
    # via gslm-overlap
    # via librosa
    # via numba
    # via pyarrow
    # via sacrebleu
    # via scikit-learn
    # via scipy
    # via soxr
    # via tensorboardx
    # via torchvision
oauthlib==3.2.2
    # via requests-oauthlib
omegaconf==2.0.6
    # via fairseq
    # via hydra-core
packaging==24.0
    # via fairseq
    # via lazy-loader
    # via pooch
    # via tensorboardx
    # via zope-sqlalchemy
pastedeploy==3.1.0
    # via plaster-pastedeploy
pbkdf2==1.3
    # via cryptacular
pillow==10.3.0
    # via torchvision
plaster==1.1.2
    # via plaster-pastedeploy
    # via pyramid
plaster-pastedeploy==1.0.1
    # via pyramid
platformdirs==4.2.2
    # via pooch
pooch==1.8.2
    # via librosa
portalocker==2.8.2
    # via sacrebleu
protobuf==5.27.1
    # via tensorboardx
pyarrow==16.1.0
    # via gslm-overlap
pycparser==2.22
    # via cffi
pyramid==2.0.2
    # via apex
    # via pyramid-mailer
    # via velruse
pyramid-mailer==0.15.1
    # via apex
python-xz==0.4.0
    # via ratarmount
python3-openid==3.2.0
    # via velruse
pyyaml==6.0.1
    # via omegaconf
rapidgzip==0.14.2
    # via ratarmount
rarfile==4.2
    # via ratarmount
ratarmount==0.15.1
    # via gslm-overlap
ratarmountcore==0.7.1
    # via ratarmount
regex==2024.5.15
    # via fairseq
    # via sacrebleu
repoze-sendmail==4.4.1
    # via pyramid-mailer
requests==2.32.3
    # via apex
    # via pooch
    # via requests-oauthlib
    # via velruse
requests-oauthlib==2.0.0
    # via velruse
ruff==0.4.8
sacrebleu==2.4.2
    # via fairseq
scikit-learn==1.5.0
    # via fairseq
    # via gslm-overlap
    # via librosa
scipy==1.13.1
    # via librosa
    # via scikit-learn
setuptools==70.0.0
    # via cryptacular
    # via pyramid
    # via repoze-sendmail
    # via zope-deprecation
    # via zope-interface
    # via zope-sqlalchemy
soundfile==0.12.1
    # via gslm-overlap
    # via librosa
soxr==0.3.7
    # via librosa
sqlalchemy==2.0.30
    # via zope-sqlalchemy
sympy==1.12.1
    # via torch
tabulate==0.9.0
    # via sacrebleu
tensorboardx==2.6.2.2
    # via gslm-overlap
threadpoolctl==3.5.0
    # via scikit-learn
torch==2.2.2
    # via fairseq
    # via gslm-overlap
    # via torchaudio
    # via torchvision
torchaudio==2.2.2
    # via fairseq
    # via gslm-overlap
torchvision==0.17.2
    # via gslm-overlap
tqdm==4.66.4
    # via fairseq
transaction==4.0
    # via pyramid-mailer
    # via repoze-sendmail
    # via zope-sqlalchemy
translationstring==1.4
    # via pyramid
typing-extensions==4.12.1
    # via librosa
    # via omegaconf
    # via sqlalchemy
    # via torch
urllib3==2.2.1
    # via requests
velruse==1.1.1
    # via apex
venusian==3.1.0
    # via pyramid
webob==1.8.7
    # via pyramid
wtforms==3.1.2
    # via apex
    # via wtforms-recaptcha
wtforms-recaptcha==0.3.2
    # via apex
zope-deprecation==5.0
    # via pyramid
zope-interface==6.4.post2
    # via pyramid
    # via repoze-sendmail
    # via transaction
    # via zope-sqlalchemy
zope-sqlalchemy==3.1
    # via apex
